// !$*UTF8*$!
{
	archiveVersion = 1;
	classes = {
	};
	objectVersion = 51;
	objects = {

/* Begin PBXBuildFile section */
		2563331198C247F744A13645 /* Pods_LacXi.framework in Frameworks */ = {isa = PBXBuildFile; fileRef = E5CD85006D005634A972B61A /* Pods_LacXi.framework */; };
		7B21C92B2971D9E400B4F0E2 /* CameraViewController.swift in Sources */ = {isa = PBXBuildFile; fileRef = 7B21C92A2971D9E400B4F0E2 /* CameraViewController.swift */; };
		A33B5BCD25D14512002074F0 /* coinDrop.mp3 in Resources */ = {isa = PBXBuildFile; fileRef = A33B5BCC25D14512002074F0 /* coinDrop.mp3 */; };
		A376477625D26E0B00ADD10D /* box.json in Resources */ = {isa = PBXBuildFile; fileRef = A376477525D26E0A00ADD10D /* box.json */; };
		A38D5E2025CC00A500F9E9C0 /* stonecross.ttf in Resources */ = {isa = PBXBuildFile; fileRef = A38D5E1F25CC00A500F9E9C0 /* stonecross.ttf */; };
		A38D5E2425CC060F00F9E9C0 /* WasteOfTime.ttf in Resources */ = {isa = PBXBuildFile; fileRef = A38D5E2325CC060F00F9E9C0 /* WasteOfTime.ttf */; };
		A38D5E2825CC06EF00F9E9C0 /* UVNBanhMi.ttf in Resources */ = {isa = PBXBuildFile; fileRef = A38D5E2725CC06EF00F9E9C0 /* UVNBanhMi.ttf */; };
		A3F1699E25C4142400A4AF11 /* AppDelegate.swift in Sources */ = {isa = PBXBuildFile; fileRef = A3F1699D25C4142400A4AF11 /* AppDelegate.swift */; };
		A3F169A025C4142400A4AF11 /* SceneDelegate.swift in Sources */ = {isa = PBXBuildFile; fileRef = A3F1699F25C4142400A4AF11 /* SceneDelegate.swift */; };
		A3F169A225C4142400A4AF11 /* ViewController.swift in Sources */ = {isa = PBXBuildFile; fileRef = A3F169A125C4142400A4AF11 /* ViewController.swift */; };
		A3F169A525C4142400A4AF11 /* Main.storyboard in Resources */ = {isa = PBXBuildFile; fileRef = A3F169A325C4142400A4AF11 /* Main.storyboard */; };
		A3F169A725C4142700A4AF11 /* Assets.xcassets in Resources */ = {isa = PBXBuildFile; fileRef = A3F169A625C4142700A4AF11 /* Assets.xcassets */; };
		A3F169AA25C4142700A4AF11 /* LaunchScreen.storyboard in Resources */ = {isa = PBXBuildFile; fileRef = A3F169A825C4142700A4AF11 /* LaunchScreen.storyboard */; };
		A3F169BB25C7FFFA00A4AF11 /* SettingViewController.swift in Sources */ = {isa = PBXBuildFile; fileRef = A3F169BA25C7FFFA00A4AF11 /* SettingViewController.swift */; };
		A3F169DA25C934ED00A4AF11 /* SingleTon.swift in Sources */ = {isa = PBXBuildFile; fileRef = A3F169D925C934ED00A4AF11 /* SingleTon.swift */; };
		A3F169DD25C935C300A4AF11 /* Enums.swift in Sources */ = {isa = PBXBuildFile; fileRef = A3F169DC25C935C300A4AF11 /* Enums.swift */; };
/* End PBXBuildFile section */

/* Begin PBXFileReference section */
		7B21C92A2971D9E400B4F0E2 /* CameraViewController.swift */ = {isa = PBXFileReference; lastKnownFileType = sourcecode.swift; path = CameraViewController.swift; sourceTree = "<group>"; };
		A33B5BCC25D14512002074F0 /* coinDrop.mp3 */ = {isa = PBXFileReference; lastKnownFileType = audio.mp3; path = coinDrop.mp3; sourceTree = "<group>"; };
		A376477525D26E0A00ADD10D /* box.json */ = {isa = PBXFileReference; fileEncoding = 4; lastKnownFileType = text.json; path = box.json; sourceTree = "<group>"; };
		A38D5E1F25CC00A500F9E9C0 /* stonecross.ttf */ = {isa = PBXFileReference; lastKnownFileType = file; path = stonecross.ttf; sourceTree = "<group>"; };
		A38D5E2325CC060F00F9E9C0 /* WasteOfTime.ttf */ = {isa = PBXFileReference; lastKnownFileType = file; path = WasteOfTime.ttf; sourceTree = "<group>"; };
		A38D5E2725CC06EF00F9E9C0 /* UVNBanhMi.ttf */ = {isa = PBXFileReference; lastKnownFileType = file; path = UVNBanhMi.ttf; sourceTree = "<group>"; };
		A3F1699A25C4142300A4AF11 /* LacXi.app */ = {isa = PBXFileReference; explicitFileType = wrapper.application; includeInIndex = 0; path = LacXi.app; sourceTree = BUILT_PRODUCTS_DIR; };
		A3F1699D25C4142400A4AF11 /* AppDelegate.swift */ = {isa = PBXFileReference; lastKnownFileType = sourcecode.swift; path = AppDelegate.swift; sourceTree = "<group>"; };
		A3F1699F25C4142400A4AF11 /* SceneDelegate.swift */ = {isa = PBXFileReference; lastKnownFileType = sourcecode.swift; path = SceneDelegate.swift; sourceTree = "<group>"; };
		A3F169A125C4142400A4AF11 /* ViewController.swift */ = {isa = PBXFileReference; lastKnownFileType = sourcecode.swift; path = ViewController.swift; sourceTree = "<group>"; };
		A3F169A425C4142400A4AF11 /* Base */ = {isa = PBXFileReference; lastKnownFileType = file.storyboard; name = Base; path = Base.lproj/Main.storyboard; sourceTree = "<group>"; };
		A3F169A625C4142700A4AF11 /* Assets.xcassets */ = {isa = PBXFileReference; lastKnownFileType = folder.assetcatalog; path = Assets.xcassets; sourceTree = "<group>"; };
		A3F169A925C4142700A4AF11 /* Base */ = {isa = PBXFileReference; lastKnownFileType = file.storyboard; name = Base; path = Base.lproj/LaunchScreen.storyboard; sourceTree = "<group>"; };
		A3F169AB25C4142700A4AF11 /* Info.plist */ = {isa = PBXFileReference; lastKnownFileType = text.plist.xml; path = Info.plist; sourceTree = "<group>"; };
		A3F169BA25C7FFFA00A4AF11 /* SettingViewController.swift */ = {isa = PBXFileReference; lastKnownFileType = sourcecode.swift; path = SettingViewController.swift; sourceTree = "<group>"; };
		A3F169D925C934ED00A4AF11 /* SingleTon.swift */ = {isa = PBXFileReference; lastKnownFileType = sourcecode.swift; path = SingleTon.swift; sourceTree = "<group>"; };
		A3F169DC25C935C300A4AF11 /* Enums.swift */ = {isa = PBXFileReference; lastKnownFileType = sourcecode.swift; path = Enums.swift; sourceTree = "<group>"; };
		C5C7030480DF1B053707F451 /* Pods-LacXi.debug.xcconfig */ = {isa = PBXFileReference; includeInIndex = 1; lastKnownFileType = text.xcconfig; name = "Pods-LacXi.debug.xcconfig"; path = "Target Support Files/Pods-LacXi/Pods-LacXi.debug.xcconfig"; sourceTree = "<group>"; };
		E134242BF851FD1A87866D03 /* Pods-LacXi.release.xcconfig */ = {isa = PBXFileReference; includeInIndex = 1; lastKnownFileType = text.xcconfig; name = "Pods-LacXi.release.xcconfig"; path = "Target Support Files/Pods-LacXi/Pods-LacXi.release.xcconfig"; sourceTree = "<group>"; };
		E5CD85006D005634A972B61A /* Pods_LacXi.framework */ = {isa = PBXFileReference; explicitFileType = wrapper.framework; includeInIndex = 0; path = Pods_LacXi.framework; sourceTree = BUILT_PRODUCTS_DIR; };
/* End PBXFileReference section */

/* Begin PBXFrameworksBuildPhase section */
		A3F1699725C4142300A4AF11 /* Frameworks */ = {
			isa = PBXFrameworksBuildPhase;
			buildActionMask = 2147483647;
			files = (
				2563331198C247F744A13645 /* Pods_LacXi.framework in Frameworks */,
			);
			runOnlyForDeploymentPostprocessing = 0;
		};
/* End PBXFrameworksBuildPhase section */

/* Begin PBXGroup section */
		3B69F63E4002DEA46A5B0D11 /* Pods */ = {
			isa = PBXGroup;
			children = (
				C5C7030480DF1B053707F451 /* Pods-LacXi.debug.xcconfig */,
				E134242BF851FD1A87866D03 /* Pods-LacXi.release.xcconfig */,
			);
			path = Pods;
			sourceTree = "<group>";
		};
		A38D5E1E25CC008500F9E9C0 /* Fonts */ = {
			isa = PBXGroup;
			children = (
				A38D5E2725CC06EF00F9E9C0 /* UVNBanhMi.ttf */,
				A38D5E2325CC060F00F9E9C0 /* WasteOfTime.ttf */,
				A38D5E1F25CC00A500F9E9C0 /* stonecross.ttf */,
			);
			path = Fonts;
			sourceTree = "<group>";
		};
		A3F1699125C4142300A4AF11 = {
			isa = PBXGroup;
			children = (
				A3F1699C25C4142300A4AF11 /* LacXi */,
				A3F1699B25C4142300A4AF11 /* Products */,
				3B69F63E4002DEA46A5B0D11 /* Pods */,
				DFC6F6F2DCB1D9CDAFF1B324 /* Frameworks */,
			);
			sourceTree = "<group>";
		};
		A3F1699B25C4142300A4AF11 /* Products */ = {
			isa = PBXGroup;
			children = (
				A3F1699A25C4142300A4AF11 /* LacXi.app */,
			);
			name = Products;
			sourceTree = "<group>";
		};
		A3F1699C25C4142300A4AF11 /* LacXi */ = {
			isa = PBXGroup;
			children = (
				A38D5E1E25CC008500F9E9C0 /* Fonts */,
				A3F1699D25C4142400A4AF11 /* AppDelegate.swift */,
				A3F1699F25C4142400A4AF11 /* SceneDelegate.swift */,
				A3F169A325C4142400A4AF11 /* Main.storyboard */,
				A3F169A625C4142700A4AF11 /* Assets.xcassets */,
				A3F169A825C4142700A4AF11 /* LaunchScreen.storyboard */,
				A3F169AB25C4142700A4AF11 /* Info.plist */,
				A376477525D26E0A00ADD10D /* box.json */,
				A3F169A125C4142400A4AF11 /* ViewController.swift */,
				A3F169BA25C7FFFA00A4AF11 /* SettingViewController.swift */,
				7B21C92A2971D9E400B4F0E2 /* CameraViewController.swift */,
				A3F169D925C934ED00A4AF11 /* SingleTon.swift */,
				A3F169DC25C935C300A4AF11 /* Enums.swift */,
				A33B5BCC25D14512002074F0 /* coinDrop.mp3 */,
			);
			path = LacXi;
			sourceTree = "<group>";
		};
		DFC6F6F2DCB1D9CDAFF1B324 /* Frameworks */ = {
			isa = PBXGroup;
			children = (
				E5CD85006D005634A972B61A /* Pods_LacXi.framework */,
			);
			name = Frameworks;
			sourceTree = "<group>";
		};
/* End PBXGroup section */

/* Begin PBXNativeTarget section */
		A3F1699925C4142300A4AF11 /* LacXi */ = {
			isa = PBXNativeTarget;
			buildConfigurationList = A3F169AE25C4142700A4AF11 /* Build configuration list for PBXNativeTarget "LacXi" */;
			buildPhases = (
				72A4221B04D2282188B20062 /* [CP] Check Pods Manifest.lock */,
				A3F1699625C4142300A4AF11 /* Sources */,
				A3F1699725C4142300A4AF11 /* Frameworks */,
				A3F1699825C4142300A4AF11 /* Resources */,
				3EB2CB0CCA441831AE0E2D79 /* [CP] Embed Pods Frameworks */,
			);
			buildRules = (
			);
			dependencies = (
			);
			name = LacXi;
			productName = LacXi;
			productReference = A3F1699A25C4142300A4AF11 /* LacXi.app */;
			productType = "com.apple.product-type.application";
		};
/* End PBXNativeTarget section */

/* Begin PBXProject section */
		A3F1699225C4142300A4AF11 /* Project object */ = {
			isa = PBXProject;
			attributes = {
				LastSwiftUpdateCheck = 1240;
				LastUpgradeCheck = 1240;
				TargetAttributes = {
					A3F1699925C4142300A4AF11 = {
						CreatedOnToolsVersion = 12.4;
					};
				};
			};
			buildConfigurationList = A3F1699525C4142300A4AF11 /* Build configuration list for PBXProject "LacXi" */;
			compatibilityVersion = "Xcode 9.3";
			developmentRegion = en;
			hasScannedForEncodings = 0;
			knownRegions = (
				en,
				Base,
			);
			mainGroup = A3F1699125C4142300A4AF11;
			productRefGroup = A3F1699B25C4142300A4AF11 /* Products */;
			projectDirPath = "";
			projectRoot = "";
			targets = (
				A3F1699925C4142300A4AF11 /* LacXi */,
			);
		};
/* End PBXProject section */

/* Begin PBXResourcesBuildPhase section */
		A3F1699825C4142300A4AF11 /* Resources */ = {
			isa = PBXResourcesBuildPhase;
			buildActionMask = 2147483647;
			files = (
				A3F169AA25C4142700A4AF11 /* LaunchScreen.storyboard in Resources */,
				A376477625D26E0B00ADD10D /* box.json in Resources */,
				A38D5E2025CC00A500F9E9C0 /* stonecross.ttf in Resources */,
				A3F169A725C4142700A4AF11 /* Assets.xcassets in Resources */,
				A38D5E2825CC06EF00F9E9C0 /* UVNBanhMi.ttf in Resources */,
				A38D5E2425CC060F00F9E9C0 /* WasteOfTime.ttf in Resources */,
				A33B5BCD25D14512002074F0 /* coinDrop.mp3 in Resources */,
				A3F169A525C4142400A4AF11 /* Main.storyboard in Resources */,
			);
			runOnlyForDeploymentPostprocessing = 0;
		};
/* End PBXResourcesBuildPhase section */

/* Begin PBXShellScriptBuildPhase section */
		3EB2CB0CCA441831AE0E2D79 /* [CP] Embed Pods Frameworks */ = {
			isa = PBXShellScriptBuildPhase;
			buildActionMask = 2147483647;
			files = (
			);
			inputFileListPaths = (
				"${PODS_ROOT}/Target Support Files/Pods-LacXi/Pods-LacXi-frameworks-${CONFIGURATION}-input-files.xcfilelist",
			);
			name = "[CP] Embed Pods Frameworks";
			outputFileListPaths = (
				"${PODS_ROOT}/Target Support Files/Pods-LacXi/Pods-LacXi-frameworks-${CONFIGURATION}-output-files.xcfilelist",
			);
			runOnlyForDeploymentPostprocessing = 0;
			shellPath = /bin/sh;
			shellScript = "\"${PODS_ROOT}/Target Support Files/Pods-LacXi/Pods-LacXi-frameworks.sh\"\n";
			showEnvVarsInLog = 0;
		};
		72A4221B04D2282188B20062 /* [CP] Check Pods Manifest.lock */ = {
			isa = PBXShellScriptBuildPhase;
			buildActionMask = 2147483647;
			files = (
			);
			inputFileListPaths = (
			);
			inputPaths = (
				"${PODS_PODFILE_DIR_PATH}/Podfile.lock",
				"${PODS_ROOT}/Manifest.lock",
			);
			name = "[CP] Check Pods Manifest.lock";
			outputFileListPaths = (
			);
			outputPaths = (
				"$(DERIVED_FILE_DIR)/Pods-LacXi-checkManifestLockResult.txt",
			);
			runOnlyForDeploymentPostprocessing = 0;
			shellPath = /bin/sh;
			shellScript = "diff \"${PODS_PODFILE_DIR_PATH}/Podfile.lock\" \"${PODS_ROOT}/Manifest.lock\" > /dev/null\nif [ $? != 0 ] ; then\n    # print error to STDERR\n    echo \"error: The sandbox is not in sync with the Podfile.lock. Run 'pod install' or update your CocoaPods installation.\" >&2\n    exit 1\nfi\n# This output is used by Xcode 'outputs' to avoid re-running this script phase.\necho \"SUCCESS\" > \"${SCRIPT_OUTPUT_FILE_0}\"\n";
			showEnvVarsInLog = 0;
		};
/* End PBXShellScriptBuildPhase section */

/* Begin PBXSourcesBuildPhase section */
		A3F1699625C4142300A4AF11 /* Sources */ = {
			isa = PBXSourcesBuildPhase;
			buildActionMask = 2147483647;
			files = (
				A3F169A225C4142400A4AF11 /* ViewController.swift in Sources */,
				A3F1699E25C4142400A4AF11 /* AppDelegate.swift in Sources */,
				A3F169A025C4142400A4AF11 /* SceneDelegate.swift in Sources */,
				A3F169DA25C934ED00A4AF11 /* SingleTon.swift in Sources */,
				7B21C92B2971D9E400B4F0E2 /* CameraViewController.swift in Sources */,
				A3F169DD25C935C300A4AF11 /* Enums.swift in Sources */,
				A3F169BB25C7FFFA00A4AF11 /* SettingViewController.swift in Sources */,
			);
			runOnlyForDeploymentPostprocessing = 0;
		};
/* End PBXSourcesBuildPhase section */

/* Begin PBXVariantGroup section */
		A3F169A325C4142400A4AF11 /* Main.storyboard */ = {
			isa = PBXVariantGroup;
			children = (
				A3F169A425C4142400A4AF11 /* Base */,
			);
			name = Main.storyboard;
			sourceTree = "<group>";
		};
		A3F169A825C4142700A4AF11 /* LaunchScreen.storyboard */ = {
			isa = PBXVariantGroup;
			children = (
				A3F169A925C4142700A4AF11 /* Base */,
			);
			name = LaunchScreen.storyboard;
			sourceTree = "<group>";
		};
/* End PBXVariantGroup section */

/* Begin XCBuildConfiguration section */
		A3F169AC25C4142700A4AF11 /* Debug */ = {
			isa = XCBuildConfiguration;
			buildSettings = {
				ALWAYS_SEARCH_USER_PATHS = NO;
				CLANG_ANALYZER_NONNULL = YES;
				CLANG_ANALYZER_NUMBER_OBJECT_CONVERSION = YES_AGGRESSIVE;
				CLANG_CXX_LANGUAGE_STANDARD = "gnu++14";
				CLANG_CXX_LIBRARY = "libc++";
				CLANG_ENABLE_MODULES = YES;
				CLANG_ENABLE_OBJC_ARC = YES;
				CLANG_ENABLE_OBJC_WEAK = YES;
				CLANG_WARN_BLOCK_CAPTURE_AUTORELEASING = YES;
				CLANG_WARN_BOOL_CONVERSION = YES;
				CLANG_WARN_COMMA = YES;
				CLANG_WARN_CONSTANT_CONVERSION = YES;
				CLANG_WARN_DEPRECATED_OBJC_IMPLEMENTATIONS = YES;
				CLANG_WARN_DIRECT_OBJC_ISA_USAGE = YES_ERROR;
				CLANG_WARN_DOCUMENTATION_COMMENTS = YES;
				CLANG_WARN_EMPTY_BODY = YES;
				CLANG_WARN_ENUM_CONVERSION = YES;
				CLANG_WARN_INFINITE_RECURSION = YES;
				CLANG_WARN_INT_CONVERSION = YES;
				CLANG_WARN_NON_LITERAL_NULL_CONVERSION = YES;
				CLANG_WARN_OBJC_IMPLICIT_RETAIN_SELF = YES;
				CLANG_WARN_OBJC_LITERAL_CONVERSION = YES;
				CLANG_WARN_OBJC_ROOT_CLASS = YES_ERROR;
				CLANG_WARN_QUOTED_INCLUDE_IN_FRAMEWORK_HEADER = YES;
				CLANG_WARN_RANGE_LOOP_ANALYSIS = YES;
				CLANG_WARN_STRICT_PROTOTYPES = YES;
				CLANG_WARN_SUSPICIOUS_MOVE = YES;
				CLANG_WARN_UNGUARDED_AVAILABILITY = YES_AGGRESSIVE;
				CLANG_WARN_UNREACHABLE_CODE = YES;
				CLANG_WARN__DUPLICATE_METHOD_MATCH = YES;
				COPY_PHASE_STRIP = NO;
				DEBUG_INFORMATION_FORMAT = dwarf;
				ENABLE_STRICT_OBJC_MSGSEND = YES;
				ENABLE_TESTABILITY = YES;
				GCC_C_LANGUAGE_STANDARD = gnu11;
				GCC_DYNAMIC_NO_PIC = NO;
				GCC_NO_COMMON_BLOCKS = YES;
				GCC_OPTIMIZATION_LEVEL = 0;
				GCC_PREPROCESSOR_DEFINITIONS = (
					"DEBUG=1",
					"$(inherited)",
				);
				GCC_WARN_64_TO_32_BIT_CONVERSION = YES;
				GCC_WARN_ABOUT_RETURN_TYPE = YES_ERROR;
				GCC_WARN_UNDECLARED_SELECTOR = YES;
				GCC_WARN_UNINITIALIZED_AUTOS = YES_AGGRESSIVE;
				GCC_WARN_UNUSED_FUNCTION = YES;
				GCC_WARN_UNUSED_VARIABLE = YES;
				IPHONEOS_DEPLOYMENT_TARGET = 14.4;
				MTL_ENABLE_DEBUG_INFO = INCLUDE_SOURCE;
				MTL_FAST_MATH = YES;
				ONLY_ACTIVE_ARCH = YES;
				SDKROOT = iphoneos;
				SWIFT_ACTIVE_COMPILATION_CONDITIONS = DEBUG;
				SWIFT_OPTIMIZATION_LEVEL = "-Onone";
			};
			name = Debug;
		};
		A3F169AD25C4142700A4AF11 /* Release */ = {
			isa = XCBuildConfiguration;
			buildSettings = {
				ALWAYS_SEARCH_USER_PATHS = NO;
				CLANG_ANALYZER_NONNULL = YES;
				CLANG_ANALYZER_NUMBER_OBJECT_CONVERSION = YES_AGGRESSIVE;
				CLANG_CXX_LANGUAGE_STANDARD = "gnu++14";
				CLANG_CXX_LIBRARY = "libc++";
				CLANG_ENABLE_MODULES = YES;
				CLANG_ENABLE_OBJC_ARC = YES;
				CLANG_ENABLE_OBJC_WEAK = YES;
				CLANG_WARN_BLOCK_CAPTURE_AUTORELEASING = YES;
				CLANG_WARN_BOOL_CONVERSION = YES;
				CLANG_WARN_COMMA = YES;
				CLANG_WARN_CONSTANT_CONVERSION = YES;
				CLANG_WARN_DEPRECATED_OBJC_IMPLEMENTATIONS = YES;
				CLANG_WARN_DIRECT_OBJC_ISA_USAGE = YES_ERROR;
				CLANG_WARN_DOCUMENTATION_COMMENTS = YES;
				CLANG_WARN_EMPTY_BODY = YES;
				CLANG_WARN_ENUM_CONVERSION = YES;
				CLANG_WARN_INFINITE_RECURSION = YES;
				CLANG_WARN_INT_CONVERSION = YES;
				CLANG_WARN_NON_LITERAL_NULL_CONVERSION = YES;
				CLANG_WARN_OBJC_IMPLICIT_RETAIN_SELF = YES;
				CLANG_WARN_OBJC_LITERAL_CONVERSION = YES;
				CLANG_WARN_OBJC_ROOT_CLASS = YES_ERROR;
				CLANG_WARN_QUOTED_INCLUDE_IN_FRAMEWORK_HEADER = YES;
				CLANG_WARN_RANGE_LOOP_ANALYSIS = YES;
				CLANG_WARN_STRICT_PROTOTYPES = YES;
				CLANG_WARN_SUSPICIOUS_MOVE = YES;
				CLANG_WARN_UNGUARDED_AVAILABILITY = YES_AGGRESSIVE;
				CLANG_WARN_UNREACHABLE_CODE = YES;
				CLANG_WARN__DUPLICATE_METHOD_MATCH = YES;
				COPY_PHASE_STRIP = NO;
				DEBUG_INFORMATION_FORMAT = "dwarf-with-dsym";
				ENABLE_NS_ASSERTIONS = NO;
				ENABLE_STRICT_OBJC_MSGSEND = YES;
				GCC_C_LANGUAGE_STANDARD = gnu11;
				GCC_NO_COMMON_BLOCKS = YES;
				GCC_WARN_64_TO_32_BIT_CONVERSION = YES;
				GCC_WARN_ABOUT_RETURN_TYPE = YES_ERROR;
				GCC_WARN_UNDECLARED_SELECTOR = YES;
				GCC_WARN_UNINITIALIZED_AUTOS = YES_AGGRESSIVE;
				GCC_WARN_UNUSED_FUNCTION = YES;
				GCC_WARN_UNUSED_VARIABLE = YES;
				IPHONEOS_DEPLOYMENT_TARGET = 14.4;
				MTL_ENABLE_DEBUG_INFO = NO;
				MTL_FAST_MATH = YES;
				SDKROOT = iphoneos;
				SWIFT_COMPILATION_MODE = wholemodule;
				SWIFT_OPTIMIZATION_LEVEL = "-O";
				VALIDATE_PRODUCT = YES;
			};
			name = Release;
		};
		A3F169AF25C4142700A4AF11 /* Debug */ = {
			isa = XCBuildConfiguration;
			baseConfigurationReference = C5C7030480DF1B053707F451 /* Pods-LacXi.debug.xcconfig */;
			buildSettings = {
				ASSETCATALOG_COMPILER_APPICON_NAME = AppIcon;
				ASSETCATALOG_COMPILER_GLOBAL_ACCENT_COLOR_NAME = AccentColor;
				CODE_SIGN_STYLE = Automatic;
				DEVELOPMENT_TEAM = CQ5Q6PHYST;
				INFOPLIST_FILE = LacXi/Info.plist;
				IPHONEOS_DEPLOYMENT_TARGET = 11.4;
				LD_RUNPATH_SEARCH_PATHS = (
					"$(inherited)",
					"@executable_path/Frameworks",
				);
				PRODUCT_BUNDLE_IDENTIFIER = com.DomHa.LacXiTet;
				PRODUCT_NAME = "$(TARGET_NAME)";
				SWIFT_VERSION = 5.0;
				TARGETED_DEVICE_FAMILY = 1;
			};
			name = Debug;
		};
		A3F169B025C4142700A4AF11 /* Release */ = {
			isa = XCBuildConfiguration;
			baseConfigurationReference = E134242BF851FD1A87866D03 /* Pods-LacXi.release.xcconfig */;
			buildSettings = {
				ASSETCATALOG_COMPILER_APPICON_NAME = AppIcon;
				ASSETCATALOG_COMPILER_GLOBAL_ACCENT_COLOR_NAME = AccentColor;
				CODE_SIGN_STYLE = Automatic;
				DEVELOPMENT_TEAM = CQ5Q6PHYST;
				INFOPLIST_FILE = LacXi/Info.plist;
				IPHONEOS_DEPLOYMENT_TARGET = 11.4;
				LD_RUNPATH_SEARCH_PATHS = (
					"$(inherited)",
					"@executable_path/Frameworks",
				);
				PRODUCT_BUNDLE_IDENTIFIER = com.DomHa.LacXiTet;
				PRODUCT_NAME = "$(TARGET_NAME)";
				SWIFT_VERSION = 5.0;
				TARGETED_DEVICE_FAMILY = 1;
			};
			name = Release;
		};
/* End XCBuildConfiguration section */

/* Begin XCConfigurationList section */
		A3F1699525C4142300A4AF11 /* Build configuration list for PBXProject "LacXi" */ = {
			isa = XCConfigurationList;
			buildConfigurations = (
				A3F169AC25C4142700A4AF11 /* Debug */,
				A3F169AD25C4142700A4AF11 /* Release */,
			);
			defaultConfigurationIsVisible = 0;
			defaultConfigurationName = Release;
		};
		A3F169AE25C4142700A4AF11 /* Build configuration list for PBXNativeTarget "LacXi" */ = {
			isa = XCConfigurationList;
			buildConfigurations = (
				A3F169AF25C4142700A4AF11 /* Debug */,
				A3F169B025C4142700A4AF11 /* Release */,
			);
			defaultConfigurationIsVisible = 0;
			defaultConfigurationName = Release;
		};
/* End XCConfigurationList section */
	};
	rootObject = A3F1699225C4142300A4AF11 /* Project object */;
}
